github.com/aws/aws-sdk-go-v2 v1.30.1/go.mod h1:nIQjQVp5sfpQcTc9mPSr1B0PaWK5ByX9MOoDadSN4lc=
github.com/aws/aws-sdk-go-v2/config v1.27.18/go.mod h1:0xz6cgdX55+kmppvPm2IaKzIXOheGJhAufacPJaXZ7c=
github.com/aws/aws-sdk-go-v2/service/autoscaling v1.40.0/go.mod h1:PuMdHiHJO2opf7qS8EGVCX2wKtC0zNB6TGxP2PQEjNk=
github.com/aws/aws-sdk-go-v2/service/ec2 v1.168.0/go.mod h1:CtLD6CPq9z9dyMxV+H6/M5d9+/ea3dO80um029GXqV0=
k8s.io/api v0.30.3/go.mod h1:GPc8jlzoe5JG3pb0KJCSLX5oAFIW3/qNJITlDj8BH04=
k8s.io/apimachinery v0.30.3/go.mod h1:iexa2somDaxdnj7bha06bhb43Zpa6eWH8N8dbqVjTUc=
k8s.io/client-go v0.30.3/go.mod h1:8d4pf8vYu665/kUbsxWAQ/JDBNWqfFeZnvFiVdmx89U=
k8s.io/kubectl v0.30.3/go.mod h1:IcR0I9RN2+zzTRUa1BzZCm4oM0NLOawE6RzlDvd1Fpo=
sigs.k8s.io/controller-runtime v0.18.4/go.mod h1:TVoGrfdpbA9VRFaRnKgk9P5/atA0pMwq+f+msb9M8Sg=
